
Microsoft Visual Studio Solution File, Format Version 12.00
# Visual Studio Version 17
VisualStudioVersion = 17.8.34330.188
MinimumVisualStudioVersion = 10.0.40219.1
Project("{888888A0-9F3D-457C-B088-3A5042F75D52}") = "RUST Server", "RUST Server.pyproj", "{D39343CB-A1C4-4516-87FB-34AB1B76E8DA}"
EndProject
Global
	GlobalSection(SolutionConfigurationPlatforms) = preSolution
		Debug|Any CPU = Debug|Any CPU
		Release|Any CPU = Release|Any CPU
	EndGlobalSection
	GlobalSection(ProjectConfigurationPlatforms) = postSolution
		{D39343CB-A1C4-4516-87FB-34AB1B76E8DA}.Debug|Any CPU.ActiveCfg = Debug|Any CPU
		{D39343CB-A1C4-4516-87FB-34AB1B76E8DA}.Release|Any CPU.ActiveCfg = Release|Any CPU
	EndGlobalSection
	GlobalSection(SolutionProperties) = preSolution
		HideSolutionNode = FALSE
	EndGlobalSection
	GlobalSection(ExtensibilityGlobals) = postSolution
		SolutionGuid = {01FAE46B-C2EA-45C0-AE9B-4E8550A4F37B}
	EndGlobalSection
EndGlobal
